
Microsoft Visual Studio Solution File, Format Version 12.00
# Visual Studio Version 17
VisualStudioVersion = 17.4.33213.308
MinimumVisualStudioVersion = 10.0.40219.1
Project("{FAE04EC0-301F-11D3-BF4B-00C04F79EFBC}") = "FuelStation.Blazor.Server", "FuelStation.Blazor\Server\FuelStation.Blazor.Server.csproj", "{7521C558-1A55-44C3-902B-268D9B084DBF}"
EndProject
Project("{FAE04EC0-301F-11D3-BF4B-00C04F79EFBC}") = "FuelStation.Blazor.Client", "FuelStation.Blazor\Client\FuelStation.Blazor.Client.csproj", "{40173136-B12F-43E0-98EF-1B26E9BA5342}"
EndProject
Project("{FAE04EC0-301F-11D3-BF4B-00C04F79EFBC}") = "FuelStation.Blazor.Shared", "FuelStation.Blazor\Shared\FuelStation.Blazor.Shared.csproj", "{569BBD0B-16B6-4E7B-98AD-651015F7598E}"
EndProject
Project("{FAE04EC0-301F-11D3-BF4B-00C04F79EFBC}") = "FuelStation.Model", "FuelStation.Model\FuelStation.Model.csproj", "{801BA870-8FCD-4E75-B01E-F8A6E8726338}"
EndProject
Project("{FAE04EC0-301F-11D3-BF4B-00C04F79EFBC}") = "FuelStation.EF", "FuelStation.EF\FuelStation.EF.csproj", "{87556B5E-DBA9-481C-AEA0-A428988DD005}"
EndProject
Global
	GlobalSection(SolutionConfigurationPlatforms) = preSolution
		Debug|Any CPU = Debug|Any CPU
		Release|Any CPU = Release|Any CPU
	EndGlobalSection
	GlobalSection(ProjectConfigurationPlatforms) = postSolution
		{7521C558-1A55-44C3-902B-268D9B084DBF}.Debug|Any CPU.ActiveCfg = Debug|Any CPU
		{7521C558-1A55-44C3-902B-268D9B084DBF}.Debug|Any CPU.Build.0 = Debug|Any CPU
		{7521C558-1A55-44C3-902B-268D9B084DBF}.Release|Any CPU.ActiveCfg = Release|Any CPU
		{7521C558-1A55-44C3-902B-268D9B084DBF}.Release|Any CPU.Build.0 = Release|Any CPU
		{40173136-B12F-43E0-98EF-1B26E9BA5342}.Debug|Any CPU.ActiveCfg = Debug|Any CPU
		{40173136-B12F-43E0-98EF-1B26E9BA5342}.Debug|Any CPU.Build.0 = Debug|Any CPU
		{40173136-B12F-43E0-98EF-1B26E9BA5342}.Release|Any CPU.ActiveCfg = Release|Any CPU
		{40173136-B12F-43E0-98EF-1B26E9BA5342}.Release|Any CPU.Build.0 = Release|Any CPU
		{569BBD0B-16B6-4E7B-98AD-651015F7598E}.Debug|Any CPU.ActiveCfg = Debug|Any CPU
		{569BBD0B-16B6-4E7B-98AD-651015F7598E}.Debug|Any CPU.Build.0 = Debug|Any CPU
		{569BBD0B-16B6-4E7B-98AD-651015F7598E}.Release|Any CPU.ActiveCfg = Release|Any CPU
		{569BBD0B-16B6-4E7B-98AD-651015F7598E}.Release|Any CPU.Build.0 = Release|Any CPU
		{801BA870-8FCD-4E75-B01E-F8A6E8726338}.Debug|Any CPU.ActiveCfg = Debug|Any CPU
		{801BA870-8FCD-4E75-B01E-F8A6E8726338}.Debug|Any CPU.Build.0 = Debug|Any CPU
		{801BA870-8FCD-4E75-B01E-F8A6E8726338}.Release|Any CPU.ActiveCfg = Release|Any CPU
		{801BA870-8FCD-4E75-B01E-F8A6E8726338}.Release|Any CPU.Build.0 = Release|Any CPU
		{87556B5E-DBA9-481C-AEA0-A428988DD005}.Debug|Any CPU.ActiveCfg = Debug|Any CPU
		{87556B5E-DBA9-481C-AEA0-A428988DD005}.Debug|Any CPU.Build.0 = Debug|Any CPU
		{87556B5E-DBA9-481C-AEA0-A428988DD005}.Release|Any CPU.ActiveCfg = Release|Any CPU
		{87556B5E-DBA9-481C-AEA0-A428988DD005}.Release|Any CPU.Build.0 = Release|Any CPU
	EndGlobalSection
	GlobalSection(SolutionProperties) = preSolution
		HideSolutionNode = FALSE
	EndGlobalSection
	GlobalSection(ExtensibilityGlobals) = postSolution
		SolutionGuid = {743C1CC2-6934-4E91-891C-2D6840441350}
	EndGlobalSection
EndGlobal
