
Microsoft Visual Studio Solution File, Format Version 12.00
# Visual Studio Version 17
VisualStudioVersion = 17.4.33205.214
MinimumVisualStudioVersion = 10.0.40219.1
Project("{FAE04EC0-301F-11D3-BF4B-00C04F79EFBC}") = "Session-04", "Session-04\Session-04.csproj", "{5A510F9B-DB36-4043-B77C-30A515AA79B8}"
EndProject
Global
	GlobalSection(SolutionConfigurationPlatforms) = preSolution
		Debug|Any CPU = Debug|Any CPU
		Release|Any CPU = Release|Any CPU
	EndGlobalSection
	GlobalSection(ProjectConfigurationPlatforms) = postSolution
		{5A510F9B-DB36-4043-B77C-30A515AA79B8}.Debug|Any CPU.ActiveCfg = Debug|Any CPU
		{5A510F9B-DB36-4043-B77C-30A515AA79B8}.Debug|Any CPU.Build.0 = Debug|Any CPU
		{5A510F9B-DB36-4043-B77C-30A515AA79B8}.Release|Any CPU.ActiveCfg = Release|Any CPU
		{5A510F9B-DB36-4043-B77C-30A515AA79B8}.Release|Any CPU.Build.0 = Release|Any CPU
	EndGlobalSection
	GlobalSection(SolutionProperties) = preSolution
		HideSolutionNode = FALSE
	EndGlobalSection
	GlobalSection(ExtensibilityGlobals) = postSolution
		SolutionGuid = {9CD160EC-6C1A-4EC4-901E-DC75B9FBB4EE}
	EndGlobalSection
EndGlobal
