
Microsoft Visual Studio Solution File, Format Version 12.00
# Visual Studio Version 17
VisualStudioVersion = 17.4.33213.308
MinimumVisualStudioVersion = 10.0.40219.1
Project("{9A19103F-16F7-4668-BE54-9A1E7A4F7556}") = "WinFormsApp2", "WinFormsApp2\WinFormsApp2.csproj", "{AC688765-4771-4278-8B80-4CD746D943EA}"
EndProject
Project("{9A19103F-16F7-4668-BE54-9A1E7A4F7556}") = "ClassLibrary1", "ClassLibrary1\ClassLibrary1.csproj", "{49BFB21B-7EAA-4D1E-B1CF-CAAB598D5573}"
EndProject
Project("{FAE04EC0-301F-11D3-BF4B-00C04F79EFBC}") = "Orm", "Orm\Orm.csproj", "{D7411E05-5D0C-4BCB-A7E2-45B609DE6DB0}"
EndProject
Global
	GlobalSection(SolutionConfigurationPlatforms) = preSolution
		Debug|Any CPU = Debug|Any CPU
		Release|Any CPU = Release|Any CPU
	EndGlobalSection
	GlobalSection(ProjectConfigurationPlatforms) = postSolution
		{AC688765-4771-4278-8B80-4CD746D943EA}.Debug|Any CPU.ActiveCfg = Debug|Any CPU
		{AC688765-4771-4278-8B80-4CD746D943EA}.Debug|Any CPU.Build.0 = Debug|Any CPU
		{AC688765-4771-4278-8B80-4CD746D943EA}.Release|Any CPU.ActiveCfg = Release|Any CPU
		{AC688765-4771-4278-8B80-4CD746D943EA}.Release|Any CPU.Build.0 = Release|Any CPU
		{49BFB21B-7EAA-4D1E-B1CF-CAAB598D5573}.Debug|Any CPU.ActiveCfg = Debug|Any CPU
		{49BFB21B-7EAA-4D1E-B1CF-CAAB598D5573}.Debug|Any CPU.Build.0 = Debug|Any CPU
		{49BFB21B-7EAA-4D1E-B1CF-CAAB598D5573}.Release|Any CPU.ActiveCfg = Release|Any CPU
		{49BFB21B-7EAA-4D1E-B1CF-CAAB598D5573}.Release|Any CPU.Build.0 = Release|Any CPU
		{D7411E05-5D0C-4BCB-A7E2-45B609DE6DB0}.Debug|Any CPU.ActiveCfg = Debug|Any CPU
		{D7411E05-5D0C-4BCB-A7E2-45B609DE6DB0}.Debug|Any CPU.Build.0 = Debug|Any CPU
		{D7411E05-5D0C-4BCB-A7E2-45B609DE6DB0}.Release|Any CPU.ActiveCfg = Release|Any CPU
		{D7411E05-5D0C-4BCB-A7E2-45B609DE6DB0}.Release|Any CPU.Build.0 = Release|Any CPU
	EndGlobalSection
	GlobalSection(SolutionProperties) = preSolution
		HideSolutionNode = FALSE
	EndGlobalSection
	GlobalSection(ExtensibilityGlobals) = postSolution
		SolutionGuid = {657754AF-FC3E-4443-8D43-1CAAA4339DA9}
	EndGlobalSection
EndGlobal
